
Microsoft Visual Studio Solution File, Format Version 12.00
# Visual Studio Version 16
VisualStudioVersion = 16.0.29123.88
MinimumVisualStudioVersion = 10.0.40219.1
Project("{9A19103F-16F7-4668-BE54-9A1E7A4F7556}") = "CursoCSharp", "CursoCSharp.csproj", "{E7A89E6F-9C57-4DB9-9B3C-29B7440F3DCC}"
EndProject
Project("{9A19103F-16F7-4668-BE54-9A1E7A4F7556}") = "Encapsulamento", "..\Encapsulamento\Encapsulamento.csproj", "{9248C412-EF14-4CBF-A526-A2B383483B32}"
EndProject
Project("{FAE04EC0-301F-11D3-BF4B-00C04F79EFBC}") = "POO_BandTec", "..\POO_BandTec\POO_BandTec.csproj", "{D178704D-5BCE-4B1E-BFC4-AB37799B87CB}"
EndProject
Global
	GlobalSection(SolutionConfigurationPlatforms) = preSolution
		Debug|Any CPU = Debug|Any CPU
		Release|Any CPU = Release|Any CPU
	EndGlobalSection
	GlobalSection(ProjectConfigurationPlatforms) = postSolution
		{E7A89E6F-9C57-4DB9-9B3C-29B7440F3DCC}.Debug|Any CPU.ActiveCfg = Debug|Any CPU
		{E7A89E6F-9C57-4DB9-9B3C-29B7440F3DCC}.Debug|Any CPU.Build.0 = Debug|Any CPU
		{E7A89E6F-9C57-4DB9-9B3C-29B7440F3DCC}.Release|Any CPU.ActiveCfg = Release|Any CPU
		{E7A89E6F-9C57-4DB9-9B3C-29B7440F3DCC}.Release|Any CPU.Build.0 = Release|Any CPU
		{9248C412-EF14-4CBF-A526-A2B383483B32}.Debug|Any CPU.ActiveCfg = Debug|Any CPU
		{9248C412-EF14-4CBF-A526-A2B383483B32}.Debug|Any CPU.Build.0 = Debug|Any CPU
		{9248C412-EF14-4CBF-A526-A2B383483B32}.Release|Any CPU.ActiveCfg = Release|Any CPU
		{9248C412-EF14-4CBF-A526-A2B383483B32}.Release|Any CPU.Build.0 = Release|Any CPU
		{D178704D-5BCE-4B1E-BFC4-AB37799B87CB}.Debug|Any CPU.ActiveCfg = Debug|Any CPU
		{D178704D-5BCE-4B1E-BFC4-AB37799B87CB}.Debug|Any CPU.Build.0 = Debug|Any CPU
		{D178704D-5BCE-4B1E-BFC4-AB37799B87CB}.Release|Any CPU.ActiveCfg = Release|Any CPU
		{D178704D-5BCE-4B1E-BFC4-AB37799B87CB}.Release|Any CPU.Build.0 = Release|Any CPU
	EndGlobalSection
	GlobalSection(SolutionProperties) = preSolution
		HideSolutionNode = FALSE
	EndGlobalSection
	GlobalSection(ExtensibilityGlobals) = postSolution
		SolutionGuid = {38AEC0E9-18AF-4343-A050-F6834D49ABB5}
	EndGlobalSection
EndGlobal
