
Microsoft Visual Studio Solution File, Format Version 12.00
# Visual Studio 2012
Project("{FAE04EC0-301F-11D3-BF4B-00C04F79EFBC}") = "Aula2 Ex. 2", "Aula2 Ex. 2\Aula2 Ex. 2.csproj", "{5D99A35B-8D80-4DE8-9E01-E1657606D47F}"
EndProject
Global
	GlobalSection(SolutionConfigurationPlatforms) = preSolution
		Debug|Any CPU = Debug|Any CPU
		Release|Any CPU = Release|Any CPU
	EndGlobalSection
	GlobalSection(ProjectConfigurationPlatforms) = postSolution
		{5D99A35B-8D80-4DE8-9E01-E1657606D47F}.Debug|Any CPU.ActiveCfg = Debug|Any CPU
		{5D99A35B-8D80-4DE8-9E01-E1657606D47F}.Debug|Any CPU.Build.0 = Debug|Any CPU
		{5D99A35B-8D80-4DE8-9E01-E1657606D47F}.Release|Any CPU.ActiveCfg = Release|Any CPU
		{5D99A35B-8D80-4DE8-9E01-E1657606D47F}.Release|Any CPU.Build.0 = Release|Any CPU
	EndGlobalSection
	GlobalSection(SolutionProperties) = preSolution
		HideSolutionNode = FALSE
	EndGlobalSection
EndGlobal
