
Microsoft Visual Studio Solution File, Format Version 12.00
# Visual Studio 2012
Project("{FAE04EC0-301F-11D3-BF4B-00C04F79EFBC}") = "LocadoraRA_32013", "LocadoraRA_32013\LocadoraRA_32013.csproj", "{227B473C-7C37-4422-93F6-D80AF13C8996}"
EndProject
Global
	GlobalSection(SolutionConfigurationPlatforms) = preSolution
		Debug|Any CPU = Debug|Any CPU
		Release|Any CPU = Release|Any CPU
	EndGlobalSection
	GlobalSection(ProjectConfigurationPlatforms) = postSolution
		{227B473C-7C37-4422-93F6-D80AF13C8996}.Debug|Any CPU.ActiveCfg = Debug|Any CPU
		{227B473C-7C37-4422-93F6-D80AF13C8996}.Debug|Any CPU.Build.0 = Debug|Any CPU
		{227B473C-7C37-4422-93F6-D80AF13C8996}.Release|Any CPU.ActiveCfg = Release|Any CPU
		{227B473C-7C37-4422-93F6-D80AF13C8996}.Release|Any CPU.Build.0 = Release|Any CPU
	EndGlobalSection
	GlobalSection(SolutionProperties) = preSolution
		HideSolutionNode = FALSE
	EndGlobalSection
EndGlobal
